
Microsoft Visual Studio Solution File, Format Version 12.00
# Visual Studio Version 17
VisualStudioVersion = 17.9.34902.65
MinimumVisualStudioVersion = 10.0.40219.1
Project("{FAE04EC0-301F-11D3-BF4B-00C04F79EFBC}") = "SkillManagement", "SkillManagement\SkillManagement.csproj", "{BDB2B2CE-AB22-4809-AA50-9D6780E79650}"
EndProject
Project("{FAE04EC0-301F-11D3-BF4B-00C04F79EFBC}") = "DataAccess", "DataAccess\DataAccess.csproj", "{D67D9FF7-FC76-47D8-A730-1676E9CEE69E}"
EndProject
Project("{FAE04EC0-301F-11D3-BF4B-00C04F79EFBC}") = "Models", "Models\Models.csproj", "{8E77339D-D091-4FEC-85D8-2F4D6EFE6355}"
EndProject
Global
	GlobalSection(SolutionConfigurationPlatforms) = preSolution
		Debug|Any CPU = Debug|Any CPU
		Release|Any CPU = Release|Any CPU
	EndGlobalSection
	GlobalSection(ProjectConfigurationPlatforms) = postSolution
		{BDB2B2CE-AB22-4809-AA50-9D6780E79650}.Debug|Any CPU.ActiveCfg = Debug|Any CPU
		{BDB2B2CE-AB22-4809-AA50-9D6780E79650}.Debug|Any CPU.Build.0 = Debug|Any CPU
		{BDB2B2CE-AB22-4809-AA50-9D6780E79650}.Release|Any CPU.ActiveCfg = Release|Any CPU
		{BDB2B2CE-AB22-4809-AA50-9D6780E79650}.Release|Any CPU.Build.0 = Release|Any CPU
		{D67D9FF7-FC76-47D8-A730-1676E9CEE69E}.Debug|Any CPU.ActiveCfg = Debug|Any CPU
		{D67D9FF7-FC76-47D8-A730-1676E9CEE69E}.Debug|Any CPU.Build.0 = Debug|Any CPU
		{D67D9FF7-FC76-47D8-A730-1676E9CEE69E}.Release|Any CPU.ActiveCfg = Release|Any CPU
		{D67D9FF7-FC76-47D8-A730-1676E9CEE69E}.Release|Any CPU.Build.0 = Release|Any CPU
		{8E77339D-D091-4FEC-85D8-2F4D6EFE6355}.Debug|Any CPU.ActiveCfg = Debug|Any CPU
		{8E77339D-D091-4FEC-85D8-2F4D6EFE6355}.Debug|Any CPU.Build.0 = Debug|Any CPU
		{8E77339D-D091-4FEC-85D8-2F4D6EFE6355}.Release|Any CPU.ActiveCfg = Release|Any CPU
		{8E77339D-D091-4FEC-85D8-2F4D6EFE6355}.Release|Any CPU.Build.0 = Release|Any CPU
	EndGlobalSection
	GlobalSection(SolutionProperties) = preSolution
		HideSolutionNode = FALSE
	EndGlobalSection
	GlobalSection(ExtensibilityGlobals) = postSolution
		SolutionGuid = {BBF57B0E-E18A-4917-9B3D-47D90203260E}
	EndGlobalSection
EndGlobal
